
Microsoft Visual Studio Solution File, Format Version 12.00
# Visual Studio 15
VisualStudioVersion = 15.0.28010.2036
MinimumVisualStudioVersion = 10.0.40219.1
Project("{FAE04EC0-301F-11D3-BF4B-00C04F79EFBC}") = "Epicoin", "Epicoin\Epicoin.csproj", "{C1F8F9CD-28E0-4AB6-A451-E09FA0BFB9BB}"
EndProject
Global
	GlobalSection(SolutionConfigurationPlatforms) = preSolution
		Debug|Any CPU = Debug|Any CPU
		Release|Any CPU = Release|Any CPU
	EndGlobalSection
	GlobalSection(ProjectConfigurationPlatforms) = postSolution
		{C1F8F9CD-28E0-4AB6-A451-E09FA0BFB9BB}.Debug|Any CPU.ActiveCfg = Debug|Any CPU
		{C1F8F9CD-28E0-4AB6-A451-E09FA0BFB9BB}.Debug|Any CPU.Build.0 = Debug|Any CPU
		{C1F8F9CD-28E0-4AB6-A451-E09FA0BFB9BB}.Release|Any CPU.ActiveCfg = Release|Any CPU
		{C1F8F9CD-28E0-4AB6-A451-E09FA0BFB9BB}.Release|Any CPU.Build.0 = Release|Any CPU
	EndGlobalSection
	GlobalSection(SolutionProperties) = preSolution
		HideSolutionNode = FALSE
	EndGlobalSection
	GlobalSection(ExtensibilityGlobals) = postSolution
		SolutionGuid = {716B2264-4F9E-4759-84EB-CD0EF98C4135}
	EndGlobalSection
EndGlobal
